// !$*UTF8*$!
{
	archiveVersion = 1;
	classes = {
	};
	objectVersion = 46;
	objects = {

/* Begin PBXBuildFile section */
		6EDE6BF21D3DB6AA00ACC7D2 /* AppDelegate.swift in Sources */ = {isa = PBXBuildFile; fileRef = 6EDE6BF11D3DB6AA00ACC7D2 /* AppDelegate.swift */; };
		6EDE6BF41D3DB6AA00ACC7D2 /* ViewController.swift in Sources */ = {isa = PBXBuildFile; fileRef = 6EDE6BF31D3DB6AA00ACC7D2 /* ViewController.swift */; };
		6EDE6BF71D3DB6AA00ACC7D2 /* Main.storyboard in Resources */ = {isa = PBXBuildFile; fileRef = 6EDE6BF51D3DB6AA00ACC7D2 /* Main.storyboard */; };
		6EDE6BFA1D3DB6AA00ACC7D2 /* MyBudget.xcdatamodeld in Sources */ = {isa = PBXBuildFile; fileRef = 6EDE6BF81D3DB6AA00ACC7D2 /* MyBudget.xcdatamodeld */; };
		6EDE6BFC1D3DB6AA00ACC7D2 /* Assets.xcassets in Resources */ = {isa = PBXBuildFile; fileRef = 6EDE6BFB1D3DB6AA00ACC7D2 /* Assets.xcassets */; };
		6EDE6BFF1D3DB6AA00ACC7D2 /* LaunchScreen.storyboard in Resources */ = {isa = PBXBuildFile; fileRef = 6EDE6BFD1D3DB6AA00ACC7D2 /* LaunchScreen.storyboard */; };
		6EDE6C0A1D3DB6AB00ACC7D2 /* MyBudgetTests.swift in Sources */ = {isa = PBXBuildFile; fileRef = 6EDE6C091D3DB6AB00ACC7D2 /* MyBudgetTests.swift */; };
		6EDE6C151D3DB6AB00ACC7D2 /* MyBudgetUITests.swift in Sources */ = {isa = PBXBuildFile; fileRef = 6EDE6C141D3DB6AB00ACC7D2 /* MyBudgetUITests.swift */; };
/* End PBXBuildFile section */

/* Begin PBXContainerItemProxy section */
		6EDE6C061D3DB6AB00ACC7D2 /* PBXContainerItemProxy */ = {
			isa = PBXContainerItemProxy;
			containerPortal = 6EDE6BE61D3DB6AA00ACC7D2 /* Project object */;
			proxyType = 1;
			remoteGlobalIDString = 6EDE6BED1D3DB6AA00ACC7D2;
			remoteInfo = MyBudget;
		};
		6EDE6C111D3DB6AB00ACC7D2 /* PBXContainerItemProxy */ = {
			isa = PBXContainerItemProxy;
			containerPortal = 6EDE6BE61D3DB6AA00ACC7D2 /* Project object */;
			proxyType = 1;
			remoteGlobalIDString = 6EDE6BED1D3DB6AA00ACC7D2;
			remoteInfo = MyBudget;
		};
/* End PBXContainerItemProxy section */

/* Begin PBXFileReference section */
		6EDE6BEE1D3DB6AA00ACC7D2 /* MyBudget.app */ = {isa = PBXFileReference; explicitFileType = wrapper.application; includeInIndex = 0; path = MyBudget.app; sourceTree = BUILT_PRODUCTS_DIR; };
		6EDE6BF11D3DB6AA00ACC7D2 /* AppDelegate.swift */ = {isa = PBXFileReference; lastKnownFileType = sourcecode.swift; path = AppDelegate.swift; sourceTree = "<group>"; };
		6EDE6BF31D3DB6AA00ACC7D2 /* ViewController.swift */ = {isa = PBXFileReference; lastKnownFileType = sourcecode.swift; path = ViewController.swift; sourceTree = "<group>"; };
		6EDE6BF61D3DB6AA00ACC7D2 /* Base */ = {isa = PBXFileReference; lastKnownFileType = file.storyboard; name = Base; path = Base.lproj/Main.storyboard; sourceTree = "<group>"; };
		6EDE6BF91D3DB6AA00ACC7D2 /* MyBudget.xcdatamodel */ = {isa = PBXFileReference; lastKnownFileType = wrapper.xcdatamodel; path = MyBudget.xcdatamodel; sourceTree = "<group>"; };
		6EDE6BFB1D3DB6AA00ACC7D2 /* Assets.xcassets */ = {isa = PBXFileReference; lastKnownFileType = folder.assetcatalog; path = Assets.xcassets; sourceTree = "<group>"; };
		6EDE6BFE1D3DB6AA00ACC7D2 /* Base */ = {isa = PBXFileReference; lastKnownFileType = file.storyboard; name = Base; path = Base.lproj/LaunchScreen.storyboard; sourceTree = "<group>"; };
		6EDE6C001D3DB6AA00ACC7D2 /* Info.plist */ = {isa = PBXFileReference; lastKnownFileType = text.plist.xml; path = Info.plist; sourceTree = "<group>"; };
		6EDE6C051D3DB6AB00ACC7D2 /* MyBudgetTests.xctest */ = {isa = PBXFileReference; explicitFileType = wrapper.cfbundle; includeInIndex = 0; path = MyBudgetTests.xctest; sourceTree = BUILT_PRODUCTS_DIR; };
		6EDE6C091D3DB6AB00ACC7D2 /* MyBudgetTests.swift */ = {isa = PBXFileReference; lastKnownFileType = sourcecode.swift; path = MyBudgetTests.swift; sourceTree = "<group>"; };
		6EDE6C0B1D3DB6AB00ACC7D2 /* Info.plist */ = {isa = PBXFileReference; lastKnownFileType = text.plist.xml; path = Info.plist; sourceTree = "<group>"; };
		6EDE6C101D3DB6AB00ACC7D2 /* MyBudgetUITests.xctest */ = {isa = PBXFileReference; explicitFileType = wrapper.cfbundle; includeInIndex = 0; path = MyBudgetUITests.xctest; sourceTree = BUILT_PRODUCTS_DIR; };
		6EDE6C141D3DB6AB00ACC7D2 /* MyBudgetUITests.swift */ = {isa = PBXFileReference; lastKnownFileType = sourcecode.swift; path = MyBudgetUITests.swift; sourceTree = "<group>"; };
		6EDE6C161D3DB6AB00ACC7D2 /* Info.plist */ = {isa = PBXFileReference; lastKnownFileType = text.plist.xml; path = Info.plist; sourceTree = "<group>"; };
/* End PBXFileReference section */

/* Begin PBXFrameworksBuildPhase section */
		6EDE6BEB1D3DB6AA00ACC7D2 /* Frameworks */ = {
			isa = PBXFrameworksBuildPhase;
			buildActionMask = 2147483647;
			files = (
			);
			runOnlyForDeploymentPostprocessing = 0;
		};
		6EDE6C021D3DB6AB00ACC7D2 /* Frameworks */ = {
			isa = PBXFrameworksBuildPhase;
			buildActionMask = 2147483647;
			files = (
			);
			runOnlyForDeploymentPostprocessing = 0;
		};
		6EDE6C0D1D3DB6AB00ACC7D2 /* Frameworks */ = {
			isa = PBXFrameworksBuildPhase;
			buildActionMask = 2147483647;
			files = (
			);
			runOnlyForDeploymentPostprocessing = 0;
		};
/* End PBXFrameworksBuildPhase section */

/* Begin PBXGroup section */
		6EDE6BE51D3DB6AA00ACC7D2 = {
			isa = PBXGroup;
			children = (
				6EDE6BF01D3DB6AA00ACC7D2 /* MyBudget */,
				6EDE6C081D3DB6AB00ACC7D2 /* MyBudgetTests */,
				6EDE6C131D3DB6AB00ACC7D2 /* MyBudgetUITests */,
				6EDE6BEF1D3DB6AA00ACC7D2 /* Products */,
			);
			sourceTree = "<group>";
		};
		6EDE6BEF1D3DB6AA00ACC7D2 /* Products */ = {
			isa = PBXGroup;
			children = (
				6EDE6BEE1D3DB6AA00ACC7D2 /* MyBudget.app */,
				6EDE6C051D3DB6AB00ACC7D2 /* MyBudgetTests.xctest */,
				6EDE6C101D3DB6AB00ACC7D2 /* MyBudgetUITests.xctest */,
			);
			name = Products;
			sourceTree = "<group>";
		};
		6EDE6BF01D3DB6AA00ACC7D2 /* MyBudget */ = {
			isa = PBXGroup;
			children = (
				6EDE6BF11D3DB6AA00ACC7D2 /* AppDelegate.swift */,
				6EDE6BF31D3DB6AA00ACC7D2 /* ViewController.swift */,
				6EDE6BF51D3DB6AA00ACC7D2 /* Main.storyboard */,
				6EDE6BFB1D3DB6AA00ACC7D2 /* Assets.xcassets */,
				6EDE6BFD1D3DB6AA00ACC7D2 /* LaunchScreen.storyboard */,
				6EDE6C001D3DB6AA00ACC7D2 /* Info.plist */,
				6EDE6BF81D3DB6AA00ACC7D2 /* MyBudget.xcdatamodeld */,
			);
			path = MyBudget;
			sourceTree = "<group>";
		};
		6EDE6C081D3DB6AB00ACC7D2 /* MyBudgetTests */ = {
			isa = PBXGroup;
			children = (
				6EDE6C091D3DB6AB00ACC7D2 /* MyBudgetTests.swift */,
				6EDE6C0B1D3DB6AB00ACC7D2 /* Info.plist */,
			);
			path = MyBudgetTests;
			sourceTree = "<group>";
		};
		6EDE6C131D3DB6AB00ACC7D2 /* MyBudgetUITests */ = {
			isa = PBXGroup;
			children = (
				6EDE6C141D3DB6AB00ACC7D2 /* MyBudgetUITests.swift */,
				6EDE6C161D3DB6AB00ACC7D2 /* Info.plist */,
			);
			path = MyBudgetUITests;
			sourceTree = "<group>";
		};
/* End PBXGroup section */

/* Begin PBXNativeTarget section */
		6EDE6BED1D3DB6AA00ACC7D2 /* MyBudget */ = {
			isa = PBXNativeTarget;
			buildConfigurationList = 6EDE6C191D3DB6AB00ACC7D2 /* Build configuration list for PBXNativeTarget "MyBudget" */;
			buildPhases = (
				6EDE6BEA1D3DB6AA00ACC7D2 /* Sources */,
				6EDE6BEB1D3DB6AA00ACC7D2 /* Frameworks */,
				6EDE6BEC1D3DB6AA00ACC7D2 /* Resources */,
			);
			buildRules = (
			);
			dependencies = (
			);
			name = MyBudget;
			productName = MyBudget;
			productReference = 6EDE6BEE1D3DB6AA00ACC7D2 /* MyBudget.app */;
			productType = "com.apple.product-type.application";
		};
		6EDE6C041D3DB6AB00ACC7D2 /* MyBudgetTests */ = {
			isa = PBXNativeTarget;
			buildConfigurationList = 6EDE6C1C1D3DB6AB00ACC7D2 /* Build configuration list for PBXNativeTarget "MyBudgetTests" */;
			buildPhases = (
				6EDE6C011D3DB6AB00ACC7D2 /* Sources */,
				6EDE6C021D3DB6AB00ACC7D2 /* Frameworks */,
				6EDE6C031D3DB6AB00ACC7D2 /* Resources */,
			);
			buildRules = (
			);
			dependencies = (
				6EDE6C071D3DB6AB00ACC7D2 /* PBXTargetDependency */,
			);
			name = MyBudgetTests;
			productName = MyBudgetTests;
			productReference = 6EDE6C051D3DB6AB00ACC7D2 /* MyBudgetTests.xctest */;
			productType = "com.apple.product-type.bundle.unit-test";
		};
		6EDE6C0F1D3DB6AB00ACC7D2 /* MyBudgetUITests */ = {
			isa = PBXNativeTarget;
			buildConfigurationList = 6EDE6C1F1D3DB6AB00ACC7D2 /* Build configuration list for PBXNativeTarget "MyBudgetUITests" */;
			buildPhases = (
				6EDE6C0C1D3DB6AB00ACC7D2 /* Sources */,
				6EDE6C0D1D3DB6AB00ACC7D2 /* Frameworks */,
				6EDE6C0E1D3DB6AB00ACC7D2 /* Resources */,
			);
			buildRules = (
			);
			dependencies = (
				6EDE6C121D3DB6AB00ACC7D2 /* PBXTargetDependency */,
			);
			name = MyBudgetUITests;
			productName = MyBudgetUITests;
			productReference = 6EDE6C101D3DB6AB00ACC7D2 /* MyBudgetUITests.xctest */;
			productType = "com.apple.product-type.bundle.ui-testing";
		};
/* End PBXNativeTarget section */

/* Begin PBXProject section */
		6EDE6BE61D3DB6AA00ACC7D2 /* Project object */ = {
			isa = PBXProject;
			attributes = {
				LastSwiftUpdateCheck = 0730;
				LastUpgradeCheck = 0730;
				ORGANIZATIONNAME = AustinEmser;
				TargetAttributes = {
					6EDE6BED1D3DB6AA00ACC7D2 = {
						CreatedOnToolsVersion = 7.3;
					};
					6EDE6C041D3DB6AB00ACC7D2 = {
						CreatedOnToolsVersion = 7.3;
						TestTargetID = 6EDE6BED1D3DB6AA00ACC7D2;
					};
					6EDE6C0F1D3DB6AB00ACC7D2 = {
						CreatedOnToolsVersion = 7.3;
						TestTargetID = 6EDE6BED1D3DB6AA00ACC7D2;
					};
				};
			};
			buildConfigurationList = 6EDE6BE91D3DB6AA00ACC7D2 /* Build configuration list for PBXProject "MyBudget" */;
			compatibilityVersion = "Xcode 3.2";
			developmentRegion = English;
			hasScannedForEncodings = 0;
			knownRegions = (
				en,
				Base,
			);
			mainGroup = 6EDE6BE51D3DB6AA00ACC7D2;
			productRefGroup = 6EDE6BEF1D3DB6AA00ACC7D2 /* Products */;
			projectDirPath = "";
			projectRoot = "";
			targets = (
				6EDE6BED1D3DB6AA00ACC7D2 /* MyBudget */,
				6EDE6C041D3DB6AB00ACC7D2 /* MyBudgetTests */,
				6EDE6C0F1D3DB6AB00ACC7D2 /* MyBudgetUITests */,
			);
		};
/* End PBXProject section */

/* Begin PBXResourcesBuildPhase section */
		6EDE6BEC1D3DB6AA00ACC7D2 /* Resources */ = {
			isa = PBXResourcesBuildPhase;
			buildActionMask = 2147483647;
			files = (
				6EDE6BFF1D3DB6AA00ACC7D2 /* LaunchScreen.storyboard in Resources */,
				6EDE6BFC1D3DB6AA00ACC7D2 /* Assets.xcassets in Resources */,
				6EDE6BF71D3DB6AA00ACC7D2 /* Main.storyboard in Resources */,
			);
			runOnlyForDeploymentPostprocessing = 0;
		};
		6EDE6C031D3DB6AB00ACC7D2 /* Resources */ = {
			isa = PBXResourcesBuildPhase;
			buildActionMask = 2147483647;
			files = (
			);
			runOnlyForDeploymentPostprocessing = 0;
		};
		6EDE6C0E1D3DB6AB00ACC7D2 /* Resources */ = {
			isa = PBXResourcesBuildPhase;
			buildActionMask = 2147483647;
			files = (
			);
			runOnlyForDeploymentPostprocessing = 0;
		};
/* End PBXResourcesBuildPhase section */

/* Begin PBXSourcesBuildPhase section */
		6EDE6BEA1D3DB6AA00ACC7D2 /* Sources */ = {
			isa = PBXSourcesBuildPhase;
			buildActionMask = 2147483647;
			files = (
				6EDE6BF41D3DB6AA00ACC7D2 /* ViewController.swift in Sources */,
				6EDE6BF21D3DB6AA00ACC7D2 /* AppDelegate.swift in Sources */,
				6EDE6BFA1D3DB6AA00ACC7D2 /* MyBudget.xcdatamodeld in Sources */,
			);
			runOnlyForDeploymentPostprocessing = 0;
		};
		6EDE6C011D3DB6AB00ACC7D2 /* Sources */ = {
			isa = PBXSourcesBuildPhase;
			buildActionMask = 2147483647;
			files = (
				6EDE6C0A1D3DB6AB00ACC7D2 /* MyBudgetTests.swift in Sources */,
			);
			runOnlyForDeploymentPostprocessing = 0;
		};
		6EDE6C0C1D3DB6AB00ACC7D2 /* Sources */ = {
			isa = PBXSourcesBuildPhase;
			buildActionMask = 2147483647;
			files = (
				6EDE6C151D3DB6AB00ACC7D2 /* MyBudgetUITests.swift in Sources */,
			);
			runOnlyForDeploymentPostprocessing = 0;
		};
/* End PBXSourcesBuildPhase section */

/* Begin PBXTargetDependency section */
		6EDE6C071D3DB6AB00ACC7D2 /* PBXTargetDependency */ = {
			isa = PBXTargetDependency;
			target = 6EDE6BED1D3DB6AA00ACC7D2 /* MyBudget */;
			targetProxy = 6EDE6C061D3DB6AB00ACC7D2 /* PBXContainerItemProxy */;
		};
		6EDE6C121D3DB6AB00ACC7D2 /* PBXTargetDependency */ = {
			isa = PBXTargetDependency;
			target = 6EDE6BED1D3DB6AA00ACC7D2 /* MyBudget */;
			targetProxy = 6EDE6C111D3DB6AB00ACC7D2 /* PBXContainerItemProxy */;
		};
/* End PBXTargetDependency section */

/* Begin PBXVariantGroup section */
		6EDE6BF51D3DB6AA00ACC7D2 /* Main.storyboard */ = {
			isa = PBXVariantGroup;
			children = (
				6EDE6BF61D3DB6AA00ACC7D2 /* Base */,
			);
			name = Main.storyboard;
			sourceTree = "<group>";
		};
		6EDE6BFD1D3DB6AA00ACC7D2 /* LaunchScreen.storyboard */ = {
			isa = PBXVariantGroup;
			children = (
				6EDE6BFE1D3DB6AA00ACC7D2 /* Base */,
			);
			name = LaunchScreen.storyboard;
			sourceTree = "<group>";
		};
/* End PBXVariantGroup section */

/* Begin XCBuildConfiguration section */
		6EDE6C171D3DB6AB00ACC7D2 /* Debug */ = {
			isa = XCBuildConfiguration;
			buildSettings = {
				ALWAYS_SEARCH_USER_PATHS = NO;
				CLANG_ANALYZER_NONNULL = YES;
				CLANG_CXX_LANGUAGE_STANDARD = "gnu++0x";
				CLANG_CXX_LIBRARY = "libc++";
				CLANG_ENABLE_MODULES = YES;
				CLANG_ENABLE_OBJC_ARC = YES;
				CLANG_WARN_BOOL_CONVERSION = YES;
				CLANG_WARN_CONSTANT_CONVERSION = YES;
				CLANG_WARN_DIRECT_OBJC_ISA_USAGE = YES_ERROR;
				CLANG_WARN_EMPTY_BODY = YES;
				CLANG_WARN_ENUM_CONVERSION = YES;
				CLANG_WARN_INT_CONVERSION = YES;
				CLANG_WARN_OBJC_ROOT_CLASS = YES_ERROR;
				CLANG_WARN_UNREACHABLE_CODE = YES;
				CLANG_WARN__DUPLICATE_METHOD_MATCH = YES;
				"CODE_SIGN_IDENTITY[sdk=iphoneos*]" = "iPhone Developer";
				COPY_PHASE_STRIP = NO;
				DEBUG_INFORMATION_FORMAT = dwarf;
				ENABLE_STRICT_OBJC_MSGSEND = YES;
				ENABLE_TESTABILITY = YES;
				GCC_C_LANGUAGE_STANDARD = gnu99;
				GCC_DYNAMIC_NO_PIC = NO;
				GCC_NO_COMMON_BLOCKS = YES;
				GCC_OPTIMIZATION_LEVEL = 0;
				GCC_PREPROCESSOR_DEFINITIONS = (
					"DEBUG=1",
					"$(inherited)",
				);
				GCC_WARN_64_TO_32_BIT_CONVERSION = YES;
				GCC_WARN_ABOUT_RETURN_TYPE = YES_ERROR;
				GCC_WARN_UNDECLARED_SELECTOR = YES;
				GCC_WARN_UNINITIALIZED_AUTOS = YES_AGGRESSIVE;
				GCC_WARN_UNUSED_FUNCTION = YES;
				GCC_WARN_UNUSED_VARIABLE = YES;
				IPHONEOS_DEPLOYMENT_TARGET = 9.3;
				MTL_ENABLE_DEBUG_INFO = YES;
				ONLY_ACTIVE_ARCH = YES;
				SDKROOT = iphoneos;
				SWIFT_OPTIMIZATION_LEVEL = "-Onone";
				TARGETED_DEVICE_FAMILY = "1,2";
			};
			name = Debug;
		};
		6EDE6C181D3DB6AB00ACC7D2 /* Release */ = {
			isa = XCBuildConfiguration;
			buildSettings = {
				ALWAYS_SEARCH_USER_PATHS = NO;
				CLANG_ANALYZER_NONNULL = YES;
				CLANG_CXX_LANGUAGE_STANDARD = "gnu++0x";
				CLANG_CXX_LIBRARY = "libc++";
				CLANG_ENABLE_MODULES = YES;
				CLANG_ENABLE_OBJC_ARC = YES;
				CLANG_WARN_BOOL_CONVERSION = YES;
				CLANG_WARN_CONSTANT_CONVERSION = YES;
				CLANG_WARN_DIRECT_OBJC_ISA_USAGE = YES_ERROR;
				CLANG_WARN_EMPTY_BODY = YES;
				CLANG_WARN_ENUM_CONVERSION = YES;
				CLANG_WARN_INT_CONVERSION = YES;
				CLANG_WARN_OBJC_ROOT_CLASS = YES_ERROR;
				CLANG_WARN_UNREACHABLE_CODE = YES;
				CLANG_WARN__DUPLICATE_METHOD_MATCH = YES;
				"CODE_SIGN_IDENTITY[sdk=iphoneos*]" = "iPhone Developer";
				COPY_PHASE_STRIP = NO;
				DEBUG_INFORMATION_FORMAT = "dwarf-with-dsym";
				ENABLE_NS_ASSERTIONS = NO;
				ENABLE_STRICT_OBJC_MSGSEND = YES;
				GCC_C_LANGUAGE_STANDARD = gnu99;
				GCC_NO_COMMON_BLOCKS = YES;
				GCC_WARN_64_TO_32_BIT_CONVERSION = YES;
				GCC_WARN_ABOUT_RETURN_TYPE = YES_ERROR;
				GCC_WARN_UNDECLARED_SELECTOR = YES;
				GCC_WARN_UNINITIALIZED_AUTOS = YES_AGGRESSIVE;
				GCC_WARN_UNUSED_FUNCTION = YES;
				GCC_WARN_UNUSED_VARIABLE = YES;
				IPHONEOS_DEPLOYMENT_TARGET = 9.3;
				MTL_ENABLE_DEBUG_INFO = NO;
				SDKROOT = iphoneos;
				TARGETED_DEVICE_FAMILY = "1,2";
				VALIDATE_PRODUCT = YES;
			};
			name = Release;
		};
		6EDE6C1A1D3DB6AB00ACC7D2 /* Debug */ = {
			isa = XCBuildConfiguration;
			buildSettings = {
				ASSETCATALOG_COMPILER_APPICON_NAME = AppIcon;
				INFOPLIST_FILE = MyBudget/Info.plist;
				LD_RUNPATH_SEARCH_PATHS = "$(inherited) @executable_path/Frameworks";
				PRODUCT_BUNDLE_IDENTIFIER = ae.com.MyBudget;
				PRODUCT_NAME = "$(TARGET_NAME)";
			};
			name = Debug;
		};
		6EDE6C1B1D3DB6AB00ACC7D2 /* Release */ = {
			isa = XCBuildConfiguration;
			buildSettings = {
				ASSETCATALOG_COMPILER_APPICON_NAME = AppIcon;
				INFOPLIST_FILE = MyBudget/Info.plist;
				LD_RUNPATH_SEARCH_PATHS = "$(inherited) @executable_path/Frameworks";
				PRODUCT_BUNDLE_IDENTIFIER = ae.com.MyBudget;
				PRODUCT_NAME = "$(TARGET_NAME)";
			};
			name = Release;
		};
		6EDE6C1D1D3DB6AB00ACC7D2 /* Debug */ = {
			isa = XCBuildConfiguration;
			buildSettings = {
				BUNDLE_LOADER = "$(TEST_HOST)";
				INFOPLIST_FILE = MyBudgetTests/Info.plist;
				LD_RUNPATH_SEARCH_PATHS = "$(inherited) @executable_path/Frameworks @loader_path/Frameworks";
				PRODUCT_BUNDLE_IDENTIFIER = ae.com.MyBudgetTests;
				PRODUCT_NAME = "$(TARGET_NAME)";
				TEST_HOST = "$(BUILT_PRODUCTS_DIR)/MyBudget.app/MyBudget";
			};
			name = Debug;
		};
		6EDE6C1E1D3DB6AB00ACC7D2 /* Release */ = {
			isa = XCBuildConfiguration;
			buildSettings = {
				BUNDLE_LOADER = "$(TEST_HOST)";
				INFOPLIST_FILE = MyBudgetTests/Info.plist;
				LD_RUNPATH_SEARCH_PATHS = "$(inherited) @executable_path/Frameworks @loader_path/Frameworks";
				PRODUCT_BUNDLE_IDENTIFIER = ae.com.MyBudgetTests;
				PRODUCT_NAME = "$(TARGET_NAME)";
				TEST_HOST = "$(BUILT_PRODUCTS_DIR)/MyBudget.app/MyBudget";
			};
			name = Release;
		};
		6EDE6C201D3DB6AB00ACC7D2 /* Debug */ = {
			isa = XCBuildConfiguration;
			buildSettings = {
				INFOPLIST_FILE = MyBudgetUITests/Info.plist;
				LD_RUNPATH_SEARCH_PATHS = "$(inherited) @executable_path/Frameworks @loader_path/Frameworks";
				PRODUCT_BUNDLE_IDENTIFIER = ae.com.MyBudgetUITests;
				PRODUCT_NAME = "$(TARGET_NAME)";
				TEST_TARGET_NAME = MyBudget;
			};
			name = Debug;
		};
		6EDE6C211D3DB6AB00ACC7D2 /* Release */ = {
			isa = XCBuildConfiguration;
			buildSettings = {
				INFOPLIST_FILE = MyBudgetUITests/Info.plist;
				LD_RUNPATH_SEARCH_PATHS = "$(inherited) @executable_path/Frameworks @loader_path/Frameworks";
				PRODUCT_BUNDLE_IDENTIFIER = ae.com.MyBudgetUITests;
				PRODUCT_NAME = "$(TARGET_NAME)";
				TEST_TARGET_NAME = MyBudget;
			};
			name = Release;
		};
/* End XCBuildConfiguration section */

/* Begin XCConfigurationList section */
		6EDE6BE91D3DB6AA00ACC7D2 /* Build configuration list for PBXProject "MyBudget" */ = {
			isa = XCConfigurationList;
			buildConfigurations = (
				6EDE6C171D3DB6AB00ACC7D2 /* Debug */,
				6EDE6C181D3DB6AB00ACC7D2 /* Release */,
			);
			defaultConfigurationIsVisible = 0;
			defaultConfigurationName = Release;
		};
		6EDE6C191D3DB6AB00ACC7D2 /* Build configuration list for PBXNativeTarget "MyBudget" */ = {
			isa = XCConfigurationList;
			buildConfigurations = (
				6EDE6C1A1D3DB6AB00ACC7D2 /* Debug */,
				6EDE6C1B1D3DB6AB00ACC7D2 /* Release */,
			);
			defaultConfigurationIsVisible = 0;
		};
		6EDE6C1C1D3DB6AB00ACC7D2 /* Build configuration list for PBXNativeTarget "MyBudgetTests" */ = {
			isa = XCConfigurationList;
			buildConfigurations = (
				6EDE6C1D1D3DB6AB00ACC7D2 /* Debug */,
				6EDE6C1E1D3DB6AB00ACC7D2 /* Release */,
			);
			defaultConfigurationIsVisible = 0;
		};
		6EDE6C1F1D3DB6AB00ACC7D2 /* Build configuration list for PBXNativeTarget "MyBudgetUITests" */ = {
			isa = XCConfigurationList;
			buildConfigurations = (
				6EDE6C201D3DB6AB00ACC7D2 /* Debug */,
				6EDE6C211D3DB6AB00ACC7D2 /* Release */,
			);
			defaultConfigurationIsVisible = 0;
		};
/* End XCConfigurationList section */

/* Begin XCVersionGroup section */
		6EDE6BF81D3DB6AA00ACC7D2 /* MyBudget.xcdatamodeld */ = {
			isa = XCVersionGroup;
			children = (
				6EDE6BF91D3DB6AA00ACC7D2 /* MyBudget.xcdatamodel */,
			);
			currentVersion = 6EDE6BF91D3DB6AA00ACC7D2 /* MyBudget.xcdatamodel */;
			path = MyBudget.xcdatamodeld;
			sourceTree = "<group>";
			versionGroupType = wrapper.xcdatamodel;
		};
/* End XCVersionGroup section */
	};
	rootObject = 6EDE6BE61D3DB6AA00ACC7D2 /* Project object */;
}
